// !$*UTF8*$!
{
	archiveVersion = 1;
	classes = {
	};
	objectVersion = 50;
	objects = {

/* Begin PBXBuildFile section */
		6E85E4B826E0B6B100AD8BA7 /* AppDelegate.swift in Sources */ = {isa = PBXBuildFile; fileRef = 6E85E4B726E0B6B100AD8BA7 /* AppDelegate.swift */; };
		6E85E4C126E0B6B300AD8BA7 /* Assets.xcassets in Resources */ = {isa = PBXBuildFile; fileRef = 6E85E4C026E0B6B300AD8BA7 /* Assets.xcassets */; };
		6E85E4C426E0B6B300AD8BA7 /* LaunchScreen.storyboard in Resources */ = {isa = PBXBuildFile; fileRef = 6E85E4C226E0B6B300AD8BA7 /* LaunchScreen.storyboard */; };
		6E85E5A326E0CA1000AD8BA7 /* Platform.framework in Platform */ = {isa = PBXBuildFile; fileRef = 6E85E5A126E0C9EF00AD8BA7 /* Platform.framework */; settings = {ATTRIBUTES = (CodeSignOnCopy, RemoveHeadersOnCopy, ); }; };
		6E85E5A626E0CBAE00AD8BA7 /* AppCoordinator.swift in Sources */ = {isa = PBXBuildFile; fileRef = 6E85E5A526E0CBAE00AD8BA7 /* AppCoordinator.swift */; };
		6E85E5B026E0CFCF00AD8BA7 /* Coordinator.swift in Sources */ = {isa = PBXBuildFile; fileRef = 6E85E5AF26E0CFCF00AD8BA7 /* Coordinator.swift */; };
		6E85E5B426E0D19E00AD8BA7 /* TransactionCoordinator.swift in Sources */ = {isa = PBXBuildFile; fileRef = 6E85E5B326E0D19E00AD8BA7 /* TransactionCoordinator.swift */; };
		6E85E5B626E0D2C500AD8BA7 /* ModuleFactory.swift in Sources */ = {isa = PBXBuildFile; fileRef = 6E85E5B526E0D2C500AD8BA7 /* ModuleFactory.swift */; };
		6E85E5BB26E0D33700AD8BA7 /* Makeable.swift in Sources */ = {isa = PBXBuildFile; fileRef = 6E85E5BA26E0D33700AD8BA7 /* Makeable.swift */; };
		6E85E5BF26E0D41300AD8BA7 /* NSObject+AssociatedObject.swift in Sources */ = {isa = PBXBuildFile; fileRef = 6E85E5BE26E0D41300AD8BA7 /* NSObject+AssociatedObject.swift */; };
		6E85E5C126E0D49D00AD8BA7 /* UseCasesConsumer.swift in Sources */ = {isa = PBXBuildFile; fileRef = 6E85E5C026E0D49D00AD8BA7 /* UseCasesConsumer.swift */; };
		6E85E5C326E0D52900AD8BA7 /* TransactionFactory.swift in Sources */ = {isa = PBXBuildFile; fileRef = 6E85E5C226E0D52900AD8BA7 /* TransactionFactory.swift */; };
		6E85E5C626E0D73300AD8BA7 /* TransactionListVC.swift in Sources */ = {isa = PBXBuildFile; fileRef = 6E85E5C526E0D73300AD8BA7 /* TransactionListVC.swift */; };
/* End PBXBuildFile section */

/* Begin PBXContainerItemProxy section */
		6E85E5A026E0C9EF00AD8BA7 /* PBXContainerItemProxy */ = {
			isa = PBXContainerItemProxy;
			containerPortal = 6E85E59C26E0C9EF00AD8BA7 /* Platform.xcodeproj */;
			proxyType = 2;
			remoteGlobalIDString = 6E85E58926E0C93A00AD8BA7;
			remoteInfo = Platform;
		};
/* End PBXContainerItemProxy section */

/* Begin PBXCopyFilesBuildPhase section */
		6E85E5A226E0C9FA00AD8BA7 /* Platform */ = {
			isa = PBXCopyFilesBuildPhase;
			buildActionMask = 2147483647;
			dstPath = "";
			dstSubfolderSpec = 10;
			files = (
				6E85E5A326E0CA1000AD8BA7 /* Platform.framework in Platform */,
			);
			name = Platform;
			runOnlyForDeploymentPostprocessing = 0;
		};
/* End PBXCopyFilesBuildPhase section */

/* Begin PBXFileReference section */
		6E85E4B426E0B6B100AD8BA7 /* ExpensesTracker.app */ = {isa = PBXFileReference; explicitFileType = wrapper.application; includeInIndex = 0; path = ExpensesTracker.app; sourceTree = BUILT_PRODUCTS_DIR; };
		6E85E4B726E0B6B100AD8BA7 /* AppDelegate.swift */ = {isa = PBXFileReference; lastKnownFileType = sourcecode.swift; path = AppDelegate.swift; sourceTree = "<group>"; };
		6E85E4C026E0B6B300AD8BA7 /* Assets.xcassets */ = {isa = PBXFileReference; lastKnownFileType = folder.assetcatalog; path = Assets.xcassets; sourceTree = "<group>"; };
		6E85E4C326E0B6B300AD8BA7 /* Base */ = {isa = PBXFileReference; lastKnownFileType = file.storyboard; name = Base; path = Base.lproj/LaunchScreen.storyboard; sourceTree = "<group>"; };
		6E85E4C526E0B6B300AD8BA7 /* Info.plist */ = {isa = PBXFileReference; lastKnownFileType = text.plist.xml; path = Info.plist; sourceTree = "<group>"; };
		6E85E59C26E0C9EF00AD8BA7 /* Platform.xcodeproj */ = {isa = PBXFileReference; lastKnownFileType = "wrapper.pb-project"; name = Platform.xcodeproj; path = Platform/Platform.xcodeproj; sourceTree = "<group>"; };
		6E85E5A526E0CBAE00AD8BA7 /* AppCoordinator.swift */ = {isa = PBXFileReference; lastKnownFileType = sourcecode.swift; path = AppCoordinator.swift; sourceTree = "<group>"; };
		6E85E5AF26E0CFCF00AD8BA7 /* Coordinator.swift */ = {isa = PBXFileReference; lastKnownFileType = sourcecode.swift; path = Coordinator.swift; sourceTree = "<group>"; };
		6E85E5B326E0D19E00AD8BA7 /* TransactionCoordinator.swift */ = {isa = PBXFileReference; lastKnownFileType = sourcecode.swift; path = TransactionCoordinator.swift; sourceTree = "<group>"; };
		6E85E5B526E0D2C500AD8BA7 /* ModuleFactory.swift */ = {isa = PBXFileReference; lastKnownFileType = sourcecode.swift; path = ModuleFactory.swift; sourceTree = "<group>"; };
		6E85E5BA26E0D33700AD8BA7 /* Makeable.swift */ = {isa = PBXFileReference; lastKnownFileType = sourcecode.swift; path = Makeable.swift; sourceTree = "<group>"; };
		6E85E5BE26E0D41300AD8BA7 /* NSObject+AssociatedObject.swift */ = {isa = PBXFileReference; lastKnownFileType = sourcecode.swift; path = "NSObject+AssociatedObject.swift"; sourceTree = "<group>"; };
		6E85E5C026E0D49D00AD8BA7 /* UseCasesConsumer.swift */ = {isa = PBXFileReference; lastKnownFileType = sourcecode.swift; path = UseCasesConsumer.swift; sourceTree = "<group>"; };
		6E85E5C226E0D52900AD8BA7 /* TransactionFactory.swift */ = {isa = PBXFileReference; lastKnownFileType = sourcecode.swift; path = TransactionFactory.swift; sourceTree = "<group>"; };
		6E85E5C526E0D73300AD8BA7 /* TransactionListVC.swift */ = {isa = PBXFileReference; lastKnownFileType = sourcecode.swift; path = TransactionListVC.swift; sourceTree = "<group>"; };
/* End PBXFileReference section */

/* Begin PBXFrameworksBuildPhase section */
		6E85E4B126E0B6B100AD8BA7 /* Frameworks */ = {
			isa = PBXFrameworksBuildPhase;
			buildActionMask = 2147483647;
			files = (
			);
			runOnlyForDeploymentPostprocessing = 0;
		};
/* End PBXFrameworksBuildPhase section */

/* Begin PBXGroup section */
		6E85E4AB26E0B6B100AD8BA7 = {
			isa = PBXGroup;
			children = (
				6E85E59C26E0C9EF00AD8BA7 /* Platform.xcodeproj */,
				6E85E4B626E0B6B100AD8BA7 /* ExpensesTracker */,
				6E85E4B526E0B6B100AD8BA7 /* Products */,
			);
			sourceTree = "<group>";
		};
		6E85E4B526E0B6B100AD8BA7 /* Products */ = {
			isa = PBXGroup;
			children = (
				6E85E4B426E0B6B100AD8BA7 /* ExpensesTracker.app */,
			);
			name = Products;
			sourceTree = "<group>";
		};
		6E85E4B626E0B6B100AD8BA7 /* ExpensesTracker */ = {
			isa = PBXGroup;
			children = (
				6E85E5AD26E0CF8400AD8BA7 /* Components */,
				6E85E5A426E0CB2C00AD8BA7 /* Resources */,
				6E85E4CD26E0C48700AD8BA7 /* Modules */,
				6E85E4B726E0B6B100AD8BA7 /* AppDelegate.swift */,
				6E85E5A526E0CBAE00AD8BA7 /* AppCoordinator.swift */,
			);
			path = ExpensesTracker;
			sourceTree = "<group>";
		};
		6E85E4CD26E0C48700AD8BA7 /* Modules */ = {
			isa = PBXGroup;
			children = (
				6E85E5B226E0D17500AD8BA7 /* Transaction */,
			);
			path = Modules;
			sourceTree = "<group>";
		};
		6E85E59D26E0C9EF00AD8BA7 /* Products */ = {
			isa = PBXGroup;
			children = (
				6E85E5A126E0C9EF00AD8BA7 /* Platform.framework */,
			);
			name = Products;
			sourceTree = "<group>";
		};
		6E85E5A426E0CB2C00AD8BA7 /* Resources */ = {
			isa = PBXGroup;
			children = (
				6E85E4C026E0B6B300AD8BA7 /* Assets.xcassets */,
				6E85E4C226E0B6B300AD8BA7 /* LaunchScreen.storyboard */,
				6E85E4C526E0B6B300AD8BA7 /* Info.plist */,
			);
			path = Resources;
			sourceTree = "<group>";
		};
		6E85E5AD26E0CF8400AD8BA7 /* Components */ = {
			isa = PBXGroup;
			children = (
				6E85E5BC26E0D3A100AD8BA7 /* Extensions */,
				6E85E5B726E0D30C00AD8BA7 /* Protocols */,
				6E85E5AE26E0CFC200AD8BA7 /* Base */,
			);
			path = Components;
			sourceTree = "<group>";
		};
		6E85E5AE26E0CFC200AD8BA7 /* Base */ = {
			isa = PBXGroup;
			children = (
				6E85E5B526E0D2C500AD8BA7 /* ModuleFactory.swift */,
			);
			path = Base;
			sourceTree = "<group>";
		};
		6E85E5B226E0D17500AD8BA7 /* Transaction */ = {
			isa = PBXGroup;
			children = (
				6E85E5C426E0D6EC00AD8BA7 /* TransactionList */,
				6E85E5B326E0D19E00AD8BA7 /* TransactionCoordinator.swift */,
				6E85E5C226E0D52900AD8BA7 /* TransactionFactory.swift */,
			);
			path = Transaction;
			sourceTree = "<group>";
		};
		6E85E5B726E0D30C00AD8BA7 /* Protocols */ = {
			isa = PBXGroup;
			children = (
				6E85E5AF26E0CFCF00AD8BA7 /* Coordinator.swift */,
				6E85E5BA26E0D33700AD8BA7 /* Makeable.swift */,
				6E85E5C026E0D49D00AD8BA7 /* UseCasesConsumer.swift */,
			);
			path = Protocols;
			sourceTree = "<group>";
		};
		6E85E5BC26E0D3A100AD8BA7 /* Extensions */ = {
			isa = PBXGroup;
			children = (
				6E85E5BD26E0D3E600AD8BA7 /* ObjectivecRuntime */,
			);
			path = Extensions;
			sourceTree = "<group>";
		};
		6E85E5BD26E0D3E600AD8BA7 /* ObjectivecRuntime */ = {
			isa = PBXGroup;
			children = (
				6E85E5BE26E0D41300AD8BA7 /* NSObject+AssociatedObject.swift */,
			);
			path = ObjectivecRuntime;
			sourceTree = "<group>";
		};
		6E85E5C426E0D6EC00AD8BA7 /* TransactionList */ = {
			isa = PBXGroup;
			children = (
				6E85E5C526E0D73300AD8BA7 /* TransactionListVC.swift */,
			);
			path = TransactionList;
			sourceTree = "<group>";
		};
/* End PBXGroup section */

/* Begin PBXNativeTarget section */
		6E85E4B326E0B6B100AD8BA7 /* ExpensesTracker */ = {
			isa = PBXNativeTarget;
			buildConfigurationList = 6E85E4C826E0B6B300AD8BA7 /* Build configuration list for PBXNativeTarget "ExpensesTracker" */;
			buildPhases = (
				6E85E4B026E0B6B100AD8BA7 /* Sources */,
				6E85E4B126E0B6B100AD8BA7 /* Frameworks */,
				6E85E4B226E0B6B100AD8BA7 /* Resources */,
				6E85E5A226E0C9FA00AD8BA7 /* Platform */,
			);
			buildRules = (
			);
			dependencies = (
			);
			name = ExpensesTracker;
			productName = ExpensesTracker;
			productReference = 6E85E4B426E0B6B100AD8BA7 /* ExpensesTracker.app */;
			productType = "com.apple.product-type.application";
		};
/* End PBXNativeTarget section */

/* Begin PBXProject section */
		6E85E4AC26E0B6B100AD8BA7 /* Project object */ = {
			isa = PBXProject;
			attributes = {
				LastSwiftUpdateCheck = 1250;
				LastUpgradeCheck = 1250;
				TargetAttributes = {
					6E85E4B326E0B6B100AD8BA7 = {
						CreatedOnToolsVersion = 12.5.1;
					};
				};
			};
			buildConfigurationList = 6E85E4AF26E0B6B100AD8BA7 /* Build configuration list for PBXProject "ExpensesTracker" */;
			compatibilityVersion = "Xcode 9.3";
			developmentRegion = en;
			hasScannedForEncodings = 0;
			knownRegions = (
				en,
				Base,
			);
			mainGroup = 6E85E4AB26E0B6B100AD8BA7;
			productRefGroup = 6E85E4B526E0B6B100AD8BA7 /* Products */;
			projectDirPath = "";
			projectReferences = (
				{
					ProductGroup = 6E85E59D26E0C9EF00AD8BA7 /* Products */;
					ProjectRef = 6E85E59C26E0C9EF00AD8BA7 /* Platform.xcodeproj */;
				},
			);
			projectRoot = "";
			targets = (
				6E85E4B326E0B6B100AD8BA7 /* ExpensesTracker */,
			);
		};
/* End PBXProject section */

/* Begin PBXReferenceProxy section */
		6E85E5A126E0C9EF00AD8BA7 /* Platform.framework */ = {
			isa = PBXReferenceProxy;
			fileType = wrapper.framework;
			path = Platform.framework;
			remoteRef = 6E85E5A026E0C9EF00AD8BA7 /* PBXContainerItemProxy */;
			sourceTree = BUILT_PRODUCTS_DIR;
		};
/* End PBXReferenceProxy section */

/* Begin PBXResourcesBuildPhase section */
		6E85E4B226E0B6B100AD8BA7 /* Resources */ = {
			isa = PBXResourcesBuildPhase;
			buildActionMask = 2147483647;
			files = (
				6E85E4C426E0B6B300AD8BA7 /* LaunchScreen.storyboard in Resources */,
				6E85E4C126E0B6B300AD8BA7 /* Assets.xcassets in Resources */,
			);
			runOnlyForDeploymentPostprocessing = 0;
		};
/* End PBXResourcesBuildPhase section */

/* Begin PBXSourcesBuildPhase section */
		6E85E4B026E0B6B100AD8BA7 /* Sources */ = {
			isa = PBXSourcesBuildPhase;
			buildActionMask = 2147483647;
			files = (
				6E85E5B426E0D19E00AD8BA7 /* TransactionCoordinator.swift in Sources */,
				6E85E5C126E0D49D00AD8BA7 /* UseCasesConsumer.swift in Sources */,
				6E85E5A626E0CBAE00AD8BA7 /* AppCoordinator.swift in Sources */,
				6E85E5B626E0D2C500AD8BA7 /* ModuleFactory.swift in Sources */,
				6E85E5BB26E0D33700AD8BA7 /* Makeable.swift in Sources */,
				6E85E5C626E0D73300AD8BA7 /* TransactionListVC.swift in Sources */,
				6E85E5BF26E0D41300AD8BA7 /* NSObject+AssociatedObject.swift in Sources */,
				6E85E4B826E0B6B100AD8BA7 /* AppDelegate.swift in Sources */,
				6E85E5C326E0D52900AD8BA7 /* TransactionFactory.swift in Sources */,
				6E85E5B026E0CFCF00AD8BA7 /* Coordinator.swift in Sources */,
			);
			runOnlyForDeploymentPostprocessing = 0;
		};
/* End PBXSourcesBuildPhase section */

/* Begin PBXVariantGroup section */
		6E85E4C226E0B6B300AD8BA7 /* LaunchScreen.storyboard */ = {
			isa = PBXVariantGroup;
			children = (
				6E85E4C326E0B6B300AD8BA7 /* Base */,
			);
			name = LaunchScreen.storyboard;
			sourceTree = "<group>";
		};
/* End PBXVariantGroup section */

/* Begin XCBuildConfiguration section */
		6E85E4C626E0B6B300AD8BA7 /* Debug */ = {
			isa = XCBuildConfiguration;
			buildSettings = {
				ALWAYS_SEARCH_USER_PATHS = NO;
				CLANG_ANALYZER_NONNULL = YES;
				CLANG_ANALYZER_NUMBER_OBJECT_CONVERSION = YES_AGGRESSIVE;
				CLANG_CXX_LANGUAGE_STANDARD = "gnu++14";
				CLANG_CXX_LIBRARY = "libc++";
				CLANG_ENABLE_MODULES = YES;
				CLANG_ENABLE_OBJC_ARC = YES;
				CLANG_ENABLE_OBJC_WEAK = YES;
				CLANG_WARN_BLOCK_CAPTURE_AUTORELEASING = YES;
				CLANG_WARN_BOOL_CONVERSION = YES;
				CLANG_WARN_COMMA = YES;
				CLANG_WARN_CONSTANT_CONVERSION = YES;
				CLANG_WARN_DEPRECATED_OBJC_IMPLEMENTATIONS = YES;
				CLANG_WARN_DIRECT_OBJC_ISA_USAGE = YES_ERROR;
				CLANG_WARN_DOCUMENTATION_COMMENTS = YES;
				CLANG_WARN_EMPTY_BODY = YES;
				CLANG_WARN_ENUM_CONVERSION = YES;
				CLANG_WARN_INFINITE_RECURSION = YES;
				CLANG_WARN_INT_CONVERSION = YES;
				CLANG_WARN_NON_LITERAL_NULL_CONVERSION = YES;
				CLANG_WARN_OBJC_IMPLICIT_RETAIN_SELF = YES;
				CLANG_WARN_OBJC_LITERAL_CONVERSION = YES;
				CLANG_WARN_OBJC_ROOT_CLASS = YES_ERROR;
				CLANG_WARN_QUOTED_INCLUDE_IN_FRAMEWORK_HEADER = YES;
				CLANG_WARN_RANGE_LOOP_ANALYSIS = YES;
				CLANG_WARN_STRICT_PROTOTYPES = YES;
				CLANG_WARN_SUSPICIOUS_MOVE = YES;
				CLANG_WARN_UNGUARDED_AVAILABILITY = YES_AGGRESSIVE;
				CLANG_WARN_UNREACHABLE_CODE = YES;
				CLANG_WARN__DUPLICATE_METHOD_MATCH = YES;
				COPY_PHASE_STRIP = NO;
				DEBUG_INFORMATION_FORMAT = dwarf;
				ENABLE_STRICT_OBJC_MSGSEND = YES;
				ENABLE_TESTABILITY = YES;
				GCC_C_LANGUAGE_STANDARD = gnu11;
				GCC_DYNAMIC_NO_PIC = NO;
				GCC_NO_COMMON_BLOCKS = YES;
				GCC_OPTIMIZATION_LEVEL = 0;
				GCC_PREPROCESSOR_DEFINITIONS = (
					"DEBUG=1",
					"$(inherited)",
				);
				GCC_WARN_64_TO_32_BIT_CONVERSION = YES;
				GCC_WARN_ABOUT_RETURN_TYPE = YES_ERROR;
				GCC_WARN_UNDECLARED_SELECTOR = YES;
				GCC_WARN_UNINITIALIZED_AUTOS = YES_AGGRESSIVE;
				GCC_WARN_UNUSED_FUNCTION = YES;
				GCC_WARN_UNUSED_VARIABLE = YES;
				IPHONEOS_DEPLOYMENT_TARGET = 14.5;
				MTL_ENABLE_DEBUG_INFO = INCLUDE_SOURCE;
				MTL_FAST_MATH = YES;
				ONLY_ACTIVE_ARCH = YES;
				SDKROOT = iphoneos;
				SWIFT_ACTIVE_COMPILATION_CONDITIONS = DEBUG;
				SWIFT_OPTIMIZATION_LEVEL = "-Onone";
			};
			name = Debug;
		};
		6E85E4C726E0B6B300AD8BA7 /* Release */ = {
			isa = XCBuildConfiguration;
			buildSettings = {
				ALWAYS_SEARCH_USER_PATHS = NO;
				CLANG_ANALYZER_NONNULL = YES;
				CLANG_ANALYZER_NUMBER_OBJECT_CONVERSION = YES_AGGRESSIVE;
				CLANG_CXX_LANGUAGE_STANDARD = "gnu++14";
				CLANG_CXX_LIBRARY = "libc++";
				CLANG_ENABLE_MODULES = YES;
				CLANG_ENABLE_OBJC_ARC = YES;
				CLANG_ENABLE_OBJC_WEAK = YES;
				CLANG_WARN_BLOCK_CAPTURE_AUTORELEASING = YES;
				CLANG_WARN_BOOL_CONVERSION = YES;
				CLANG_WARN_COMMA = YES;
				CLANG_WARN_CONSTANT_CONVERSION = YES;
				CLANG_WARN_DEPRECATED_OBJC_IMPLEMENTATIONS = YES;
				CLANG_WARN_DIRECT_OBJC_ISA_USAGE = YES_ERROR;
				CLANG_WARN_DOCUMENTATION_COMMENTS = YES;
				CLANG_WARN_EMPTY_BODY = YES;
				CLANG_WARN_ENUM_CONVERSION = YES;
				CLANG_WARN_INFINITE_RECURSION = YES;
				CLANG_WARN_INT_CONVERSION = YES;
				CLANG_WARN_NON_LITERAL_NULL_CONVERSION = YES;
				CLANG_WARN_OBJC_IMPLICIT_RETAIN_SELF = YES;
				CLANG_WARN_OBJC_LITERAL_CONVERSION = YES;
				CLANG_WARN_OBJC_ROOT_CLASS = YES_ERROR;
				CLANG_WARN_QUOTED_INCLUDE_IN_FRAMEWORK_HEADER = YES;
				CLANG_WARN_RANGE_LOOP_ANALYSIS = YES;
				CLANG_WARN_STRICT_PROTOTYPES = YES;
				CLANG_WARN_SUSPICIOUS_MOVE = YES;
				CLANG_WARN_UNGUARDED_AVAILABILITY = YES_AGGRESSIVE;
				CLANG_WARN_UNREACHABLE_CODE = YES;
				CLANG_WARN__DUPLICATE_METHOD_MATCH = YES;
				COPY_PHASE_STRIP = NO;
				DEBUG_INFORMATION_FORMAT = "dwarf-with-dsym";
				ENABLE_NS_ASSERTIONS = NO;
				ENABLE_STRICT_OBJC_MSGSEND = YES;
				GCC_C_LANGUAGE_STANDARD = gnu11;
				GCC_NO_COMMON_BLOCKS = YES;
				GCC_WARN_64_TO_32_BIT_CONVERSION = YES;
				GCC_WARN_ABOUT_RETURN_TYPE = YES_ERROR;
				GCC_WARN_UNDECLARED_SELECTOR = YES;
				GCC_WARN_UNINITIALIZED_AUTOS = YES_AGGRESSIVE;
				GCC_WARN_UNUSED_FUNCTION = YES;
				GCC_WARN_UNUSED_VARIABLE = YES;
				IPHONEOS_DEPLOYMENT_TARGET = 14.5;
				MTL_ENABLE_DEBUG_INFO = NO;
				MTL_FAST_MATH = YES;
				SDKROOT = iphoneos;
				SWIFT_COMPILATION_MODE = wholemodule;
				SWIFT_OPTIMIZATION_LEVEL = "-O";
				VALIDATE_PRODUCT = YES;
			};
			name = Release;
		};
		6E85E4C926E0B6B300AD8BA7 /* Debug */ = {
			isa = XCBuildConfiguration;
			buildSettings = {
				ASSETCATALOG_COMPILER_APPICON_NAME = AppIcon;
				ASSETCATALOG_COMPILER_GLOBAL_ACCENT_COLOR_NAME = AccentColor;
				CODE_SIGN_STYLE = Automatic;
				INFOPLIST_FILE = ExpensesTracker/Resources/Info.plist;
				LD_RUNPATH_SEARCH_PATHS = (
					"$(inherited)",
					"@executable_path/Frameworks",
				);
				PRODUCT_BUNDLE_IDENTIFIER = com.artemShkirta.ExpensesTracker;
				PRODUCT_NAME = "$(TARGET_NAME)";
				SWIFT_VERSION = 5.0;
				TARGETED_DEVICE_FAMILY = 1;
			};
			name = Debug;
		};
		6E85E4CA26E0B6B300AD8BA7 /* Release */ = {
			isa = XCBuildConfiguration;
			buildSettings = {
				ASSETCATALOG_COMPILER_APPICON_NAME = AppIcon;
				ASSETCATALOG_COMPILER_GLOBAL_ACCENT_COLOR_NAME = AccentColor;
				CODE_SIGN_STYLE = Automatic;
				INFOPLIST_FILE = ExpensesTracker/Resources/Info.plist;
				LD_RUNPATH_SEARCH_PATHS = (
					"$(inherited)",
					"@executable_path/Frameworks",
				);
				PRODUCT_BUNDLE_IDENTIFIER = com.artemShkirta.ExpensesTracker;
				PRODUCT_NAME = "$(TARGET_NAME)";
				SWIFT_VERSION = 5.0;
				TARGETED_DEVICE_FAMILY = 1;
			};
			name = Release;
		};
/* End XCBuildConfiguration section */

/* Begin XCConfigurationList section */
		6E85E4AF26E0B6B100AD8BA7 /* Build configuration list for PBXProject "ExpensesTracker" */ = {
			isa = XCConfigurationList;
			buildConfigurations = (
				6E85E4C626E0B6B300AD8BA7 /* Debug */,
				6E85E4C726E0B6B300AD8BA7 /* Release */,
			);
			defaultConfigurationIsVisible = 0;
			defaultConfigurationName = Release;
		};
		6E85E4C826E0B6B300AD8BA7 /* Build configuration list for PBXNativeTarget "ExpensesTracker" */ = {
			isa = XCConfigurationList;
			buildConfigurations = (
				6E85E4C926E0B6B300AD8BA7 /* Debug */,
				6E85E4CA26E0B6B300AD8BA7 /* Release */,
			);
			defaultConfigurationIsVisible = 0;
			defaultConfigurationName = Release;
		};
/* End XCConfigurationList section */
	};
	rootObject = 6E85E4AC26E0B6B100AD8BA7 /* Project object */;
}
